<Solution>
  <Project Path="HikariNoShisai.BLL/HikariNoShisai.BLL.csproj" Id="f08fb854-a1eb-49eb-bd89-3265fae69853" />
  <Project Path="HikariNoShisai.Common/HikariNoShisai.Common.csproj" Id="da3c2e12-c0e2-468d-9de6-52debfc554df" />
  <Project Path="HikariNoShisai.DAL/HikariNoShisai.DAL.csproj" Id="cee64173-b9f7-4531-9dd0-972758ea6d5d" />
  <Project Path="HikariNoShisai.WebAPI/HikariNoShisai.WebAPI.csproj" />
</Solution>
